
Microsoft Visual Studio Solution File, Format Version 12.00
# Visual Studio 15
VisualStudioVersion = 15.0.28307.779
MinimumVisualStudioVersion = 10.0.40219.1
Project("{FAE04EC0-301F-11D3-BF4B-00C04F79EFBC}") = "dds-ytdl-server", "dds-ytdl-server\dds-ytdl-server.csproj", "{000E4B13-6052-42FF-909D-0CAE28B8EB85}"
EndProject
Global
	GlobalSection(SolutionConfigurationPlatforms) = preSolution
		Debug|Any CPU = Debug|Any CPU
		Release|Any CPU = Release|Any CPU
	EndGlobalSection
	GlobalSection(ProjectConfigurationPlatforms) = postSolution
		{000E4B13-6052-42FF-909D-0CAE28B8EB85}.Debug|Any CPU.ActiveCfg = Debug|Any CPU
		{000E4B13-6052-42FF-909D-0CAE28B8EB85}.Debug|Any CPU.Build.0 = Debug|Any CPU
		{000E4B13-6052-42FF-909D-0CAE28B8EB85}.Release|Any CPU.ActiveCfg = Release|Any CPU
		{000E4B13-6052-42FF-909D-0CAE28B8EB85}.Release|Any CPU.Build.0 = Release|Any CPU
	EndGlobalSection
	GlobalSection(SolutionProperties) = preSolution
		HideSolutionNode = FALSE
	EndGlobalSection
	GlobalSection(ExtensibilityGlobals) = postSolution
		SolutionGuid = {51778A91-7740-4112-B3B4-7C627EA006B0}
	EndGlobalSection
EndGlobal
